
Microsoft Visual Studio Solution File, Format Version 12.00
# Visual Studio 15
VisualStudioVersion = 15.0.27428.2015
MinimumVisualStudioVersion = 10.0.40219.1
Project("{FAE04EC0-301F-11D3-BF4B-00C04F79EFBC}") = "MostIsolated", "MostIsolated.csproj", "{3107B27E-DA03-4579-B436-6E2071A4CFC4}"
EndProject
Global
	GlobalSection(SolutionConfigurationPlatforms) = preSolution
		Debug|Any CPU = Debug|Any CPU
		Release|Any CPU = Release|Any CPU
	EndGlobalSection
	GlobalSection(ProjectConfigurationPlatforms) = postSolution
		{3107B27E-DA03-4579-B436-6E2071A4CFC4}.Debug|Any CPU.ActiveCfg = Debug|Any CPU
		{3107B27E-DA03-4579-B436-6E2071A4CFC4}.Debug|Any CPU.Build.0 = Debug|Any CPU
		{3107B27E-DA03-4579-B436-6E2071A4CFC4}.Release|Any CPU.ActiveCfg = Release|Any CPU
		{3107B27E-DA03-4579-B436-6E2071A4CFC4}.Release|Any CPU.Build.0 = Release|Any CPU
	EndGlobalSection
	GlobalSection(SolutionProperties) = preSolution
		HideSolutionNode = FALSE
	EndGlobalSection
	GlobalSection(ExtensibilityGlobals) = postSolution
		SolutionGuid = {0A8D7AFE-D0CF-4BED-AFF2-3B1E3A6F4868}
	EndGlobalSection
EndGlobal
